
Microsoft Visual Studio Solution File, Format Version 12.00
# Visual Studio Version 16
VisualStudioVersion = 16.0.30907.101
MinimumVisualStudioVersion = 10.0.40219.1
Project("{FAE04EC0-301F-11D3-BF4B-00C04F79EFBC}") = "ConWithGitAndGitHub", "ConWithGitAndGitHub\ConWithGitAndGitHub.csproj", "{A0CC325C-6484-4096-8BE6-F5255EFFD015}"
EndProject
Global
	GlobalSection(SolutionConfigurationPlatforms) = preSolution
		Debug|Any CPU = Debug|Any CPU
		Release|Any CPU = Release|Any CPU
	EndGlobalSection
	GlobalSection(ProjectConfigurationPlatforms) = postSolution
		{A0CC325C-6484-4096-8BE6-F5255EFFD015}.Debug|Any CPU.ActiveCfg = Debug|Any CPU
		{A0CC325C-6484-4096-8BE6-F5255EFFD015}.Debug|Any CPU.Build.0 = Debug|Any CPU
		{A0CC325C-6484-4096-8BE6-F5255EFFD015}.Release|Any CPU.ActiveCfg = Release|Any CPU
		{A0CC325C-6484-4096-8BE6-F5255EFFD015}.Release|Any CPU.Build.0 = Release|Any CPU
	EndGlobalSection
	GlobalSection(SolutionProperties) = preSolution
		HideSolutionNode = FALSE
	EndGlobalSection
	GlobalSection(ExtensibilityGlobals) = postSolution
		SolutionGuid = {31097B76-A6D8-4C6F-87FC-ACF194B72C4C}
	EndGlobalSection
EndGlobal
